
Microsoft Visual Studio Solution File, Format Version 12.00
# Visual Studio Version 17
VisualStudioVersion = 17.2.32630.192
MinimumVisualStudioVersion = 10.0.40219.1
Project("{FAE04EC0-301F-11D3-BF4B-00C04F79EFBC}") = "WfGitHubTestPV221", "WfGitHubTestPV221\WfGitHubTestPV221.csproj", "{CEEA0A37-E335-4A2F-8DD7-7173920318E0}"
EndProject
Global
	GlobalSection(SolutionConfigurationPlatforms) = preSolution
		Debug|Any CPU = Debug|Any CPU
		Release|Any CPU = Release|Any CPU
	EndGlobalSection
	GlobalSection(ProjectConfigurationPlatforms) = postSolution
		{CEEA0A37-E335-4A2F-8DD7-7173920318E0}.Debug|Any CPU.ActiveCfg = Debug|Any CPU
		{CEEA0A37-E335-4A2F-8DD7-7173920318E0}.Debug|Any CPU.Build.0 = Debug|Any CPU
		{CEEA0A37-E335-4A2F-8DD7-7173920318E0}.Release|Any CPU.ActiveCfg = Release|Any CPU
		{CEEA0A37-E335-4A2F-8DD7-7173920318E0}.Release|Any CPU.Build.0 = Release|Any CPU
	EndGlobalSection
	GlobalSection(SolutionProperties) = preSolution
		HideSolutionNode = FALSE
	EndGlobalSection
	GlobalSection(ExtensibilityGlobals) = postSolution
		SolutionGuid = {EC0A4C9E-47BF-4F5E-8DF2-3C03CA4C5045}
	EndGlobalSection
EndGlobal
